// !$*UTF8*$!
{
	archiveVersion = 1;
	classes = {
	};
	objectVersion = 50;
	objects = {

/* Begin PBXBuildFile section */
		5E41F1342643F111005299DA /* Int+random.swift in Sources */ = {isa = PBXBuildFile; fileRef = 5E41F1332643F111005299DA /* Int+random.swift */; };
		5E77AAF8274713D90054FFF7 /* License in Resources */ = {isa = PBXBuildFile; fileRef = 5E77AAF7274713D90054FFF7 /* License */; };
		5E9968C8262EDCA700C99CE9 /* AppDelegate.swift in Sources */ = {isa = PBXBuildFile; fileRef = 5E9968C7262EDCA700C99CE9 /* AppDelegate.swift */; };
		5E9968CA262EDCA700C99CE9 /* SceneDelegate.swift in Sources */ = {isa = PBXBuildFile; fileRef = 5E9968C9262EDCA700C99CE9 /* SceneDelegate.swift */; };
		5E9968CC262EDCA700C99CE9 /* ViewController.swift in Sources */ = {isa = PBXBuildFile; fileRef = 5E9968CB262EDCA700C99CE9 /* ViewController.swift */; };
		5E9968CF262EDCA700C99CE9 /* Main.storyboard in Resources */ = {isa = PBXBuildFile; fileRef = 5E9968CD262EDCA700C99CE9 /* Main.storyboard */; };
		5E9968D1262EDCAB00C99CE9 /* Assets.xcassets in Resources */ = {isa = PBXBuildFile; fileRef = 5E9968D0262EDCAB00C99CE9 /* Assets.xcassets */; };
		5E9968D4262EDCAB00C99CE9 /* LaunchScreen.storyboard in Resources */ = {isa = PBXBuildFile; fileRef = 5E9968D2262EDCAB00C99CE9 /* LaunchScreen.storyboard */; };
		5E9968DD262EDCFA00C99CE9 /* README.md in Resources */ = {isa = PBXBuildFile; fileRef = 5E9968DC262EDCFA00C99CE9 /* README.md */; };
		5E9968E0262EE17100C99CE9 /* .gitignore in Resources */ = {isa = PBXBuildFile; fileRef = 5E9968DF262EE17100C99CE9 /* .gitignore */; };
		5EBE410026381C63002CEDA4 /* Concentration.swift in Sources */ = {isa = PBXBuildFile; fileRef = 5EBE40FF26381C63002CEDA4 /* Concentration.swift */; };
		5EBE410326381F38002CEDA4 /* Card.swift in Sources */ = {isa = PBXBuildFile; fileRef = 5EBE410226381F38002CEDA4 /* Card.swift */; };
/* End PBXBuildFile section */

/* Begin PBXFileReference section */
		5E41F1332643F111005299DA /* Int+random.swift */ = {isa = PBXFileReference; lastKnownFileType = sourcecode.swift; path = "Int+random.swift"; sourceTree = "<group>"; };
		5E77AAF7274713D90054FFF7 /* License */ = {isa = PBXFileReference; lastKnownFileType = text; path = License; sourceTree = "<group>"; };
		5E9968C4262EDCA700C99CE9 /* Concentration.app */ = {isa = PBXFileReference; explicitFileType = wrapper.application; includeInIndex = 0; path = Concentration.app; sourceTree = BUILT_PRODUCTS_DIR; };
		5E9968C7262EDCA700C99CE9 /* AppDelegate.swift */ = {isa = PBXFileReference; lastKnownFileType = sourcecode.swift; path = AppDelegate.swift; sourceTree = "<group>"; };
		5E9968C9262EDCA700C99CE9 /* SceneDelegate.swift */ = {isa = PBXFileReference; lastKnownFileType = sourcecode.swift; path = SceneDelegate.swift; sourceTree = "<group>"; };
		5E9968CB262EDCA700C99CE9 /* ViewController.swift */ = {isa = PBXFileReference; lastKnownFileType = sourcecode.swift; path = ViewController.swift; sourceTree = "<group>"; };
		5E9968CE262EDCA700C99CE9 /* Base */ = {isa = PBXFileReference; lastKnownFileType = file.storyboard; name = Base; path = Base.lproj/Main.storyboard; sourceTree = "<group>"; };
		5E9968D0262EDCAB00C99CE9 /* Assets.xcassets */ = {isa = PBXFileReference; lastKnownFileType = folder.assetcatalog; path = Assets.xcassets; sourceTree = "<group>"; };
		5E9968D3262EDCAB00C99CE9 /* Base */ = {isa = PBXFileReference; lastKnownFileType = file.storyboard; name = Base; path = Base.lproj/LaunchScreen.storyboard; sourceTree = "<group>"; };
		5E9968D5262EDCAB00C99CE9 /* Info.plist */ = {isa = PBXFileReference; lastKnownFileType = text.plist.xml; path = Info.plist; sourceTree = "<group>"; };
		5E9968DC262EDCFA00C99CE9 /* README.md */ = {isa = PBXFileReference; lastKnownFileType = net.daringfireball.markdown; path = README.md; sourceTree = "<group>"; };
		5E9968DF262EE17100C99CE9 /* .gitignore */ = {isa = PBXFileReference; lastKnownFileType = text; path = .gitignore; sourceTree = "<group>"; };
		5EBE40FF26381C63002CEDA4 /* Concentration.swift */ = {isa = PBXFileReference; lastKnownFileType = sourcecode.swift; path = Concentration.swift; sourceTree = "<group>"; };
		5EBE410226381F38002CEDA4 /* Card.swift */ = {isa = PBXFileReference; lastKnownFileType = sourcecode.swift; path = Card.swift; sourceTree = "<group>"; };
/* End PBXFileReference section */

/* Begin PBXFrameworksBuildPhase section */
		5E9968C1262EDCA700C99CE9 /* Frameworks */ = {
			isa = PBXFrameworksBuildPhase;
			buildActionMask = 2147483647;
			files = (
			);
			runOnlyForDeploymentPostprocessing = 0;
		};
/* End PBXFrameworksBuildPhase section */

/* Begin PBXGroup section */
		5E9968BB262EDCA700C99CE9 = {
			isa = PBXGroup;
			children = (
				5E77AAF7274713D90054FFF7 /* License */,
				5E9968DC262EDCFA00C99CE9 /* README.md */,
				5E9968DF262EE17100C99CE9 /* .gitignore */,
				5E9968C6262EDCA700C99CE9 /* Concentration */,
				5E9968C5262EDCA700C99CE9 /* Products */,
			);
			sourceTree = "<group>";
		};
		5E9968C5262EDCA700C99CE9 /* Products */ = {
			isa = PBXGroup;
			children = (
				5E9968C4262EDCA700C99CE9 /* Concentration.app */,
			);
			name = Products;
			sourceTree = "<group>";
		};
		5E9968C6262EDCA700C99CE9 /* Concentration */ = {
			isa = PBXGroup;
			children = (
				5E9968E3262F066A00C99CE9 /* SupportingFiles */,
				5E9968CD262EDCA700C99CE9 /* Main.storyboard */,
				5E9968D5262EDCAB00C99CE9 /* Info.plist */,
				5E9968CB262EDCA700C99CE9 /* ViewController.swift */,
				5EBE40FF26381C63002CEDA4 /* Concentration.swift */,
				5EBE410226381F38002CEDA4 /* Card.swift */,
				5E41F1332643F111005299DA /* Int+random.swift */,
			);
			path = Concentration;
			sourceTree = "<group>";
		};
		5E9968E3262F066A00C99CE9 /* SupportingFiles */ = {
			isa = PBXGroup;
			children = (
				5E9968C7262EDCA700C99CE9 /* AppDelegate.swift */,
				5E9968C9262EDCA700C99CE9 /* SceneDelegate.swift */,
				5E9968D0262EDCAB00C99CE9 /* Assets.xcassets */,
				5E9968D2262EDCAB00C99CE9 /* LaunchScreen.storyboard */,
			);
			path = SupportingFiles;
			sourceTree = "<group>";
		};
/* End PBXGroup section */

/* Begin PBXNativeTarget section */
		5E9968C3262EDCA700C99CE9 /* Concentration */ = {
			isa = PBXNativeTarget;
			buildConfigurationList = 5E9968D8262EDCAB00C99CE9 /* Build configuration list for PBXNativeTarget "Concentration" */;
			buildPhases = (
				5E9968C0262EDCA700C99CE9 /* Sources */,
				5E9968C1262EDCA700C99CE9 /* Frameworks */,
				5E9968C2262EDCA700C99CE9 /* Resources */,
			);
			buildRules = (
			);
			dependencies = (
			);
			name = Concentration;
			productName = Concentration;
			productReference = 5E9968C4262EDCA700C99CE9 /* Concentration.app */;
			productType = "com.apple.product-type.application";
		};
/* End PBXNativeTarget section */

/* Begin PBXProject section */
		5E9968BC262EDCA700C99CE9 /* Project object */ = {
			isa = PBXProject;
			attributes = {
				LastSwiftUpdateCheck = 1240;
				LastUpgradeCheck = 1240;
				TargetAttributes = {
					5E9968C3262EDCA700C99CE9 = {
						CreatedOnToolsVersion = 12.4;
					};
				};
			};
			buildConfigurationList = 5E9968BF262EDCA700C99CE9 /* Build configuration list for PBXProject "Concentration" */;
			compatibilityVersion = "Xcode 9.3";
			developmentRegion = en;
			hasScannedForEncodings = 0;
			knownRegions = (
				en,
				Base,
			);
			mainGroup = 5E9968BB262EDCA700C99CE9;
			productRefGroup = 5E9968C5262EDCA700C99CE9 /* Products */;
			projectDirPath = "";
			projectRoot = "";
			targets = (
				5E9968C3262EDCA700C99CE9 /* Concentration */,
			);
		};
/* End PBXProject section */

/* Begin PBXResourcesBuildPhase section */
		5E9968C2262EDCA700C99CE9 /* Resources */ = {
			isa = PBXResourcesBuildPhase;
			buildActionMask = 2147483647;
			files = (
				5E77AAF8274713D90054FFF7 /* License in Resources */,
				5E9968E0262EE17100C99CE9 /* .gitignore in Resources */,
				5E9968D4262EDCAB00C99CE9 /* LaunchScreen.storyboard in Resources */,
				5E9968D1262EDCAB00C99CE9 /* Assets.xcassets in Resources */,
				5E9968DD262EDCFA00C99CE9 /* README.md in Resources */,
				5E9968CF262EDCA700C99CE9 /* Main.storyboard in Resources */,
			);
			runOnlyForDeploymentPostprocessing = 0;
		};
/* End PBXResourcesBuildPhase section */

/* Begin PBXSourcesBuildPhase section */
		5E9968C0262EDCA700C99CE9 /* Sources */ = {
			isa = PBXSourcesBuildPhase;
			buildActionMask = 2147483647;
			files = (
				5E9968CC262EDCA700C99CE9 /* ViewController.swift in Sources */,
				5EBE410026381C63002CEDA4 /* Concentration.swift in Sources */,
				5EBE410326381F38002CEDA4 /* Card.swift in Sources */,
				5E9968C8262EDCA700C99CE9 /* AppDelegate.swift in Sources */,
				5E41F1342643F111005299DA /* Int+random.swift in Sources */,
				5E9968CA262EDCA700C99CE9 /* SceneDelegate.swift in Sources */,
			);
			runOnlyForDeploymentPostprocessing = 0;
		};
/* End PBXSourcesBuildPhase section */

/* Begin PBXVariantGroup section */
		5E9968CD262EDCA700C99CE9 /* Main.storyboard */ = {
			isa = PBXVariantGroup;
			children = (
				5E9968CE262EDCA700C99CE9 /* Base */,
			);
			name = Main.storyboard;
			sourceTree = "<group>";
		};
		5E9968D2262EDCAB00C99CE9 /* LaunchScreen.storyboard */ = {
			isa = PBXVariantGroup;
			children = (
				5E9968D3262EDCAB00C99CE9 /* Base */,
			);
			name = LaunchScreen.storyboard;
			sourceTree = "<group>";
		};
/* End PBXVariantGroup section */

/* Begin XCBuildConfiguration section */
		5E9968D6262EDCAB00C99CE9 /* Debug */ = {
			isa = XCBuildConfiguration;
			buildSettings = {
				ALWAYS_SEARCH_USER_PATHS = NO;
				CLANG_ANALYZER_NONNULL = YES;
				CLANG_ANALYZER_NUMBER_OBJECT_CONVERSION = YES_AGGRESSIVE;
				CLANG_CXX_LANGUAGE_STANDARD = "gnu++14";
				CLANG_CXX_LIBRARY = "libc++";
				CLANG_ENABLE_MODULES = YES;
				CLANG_ENABLE_OBJC_ARC = YES;
				CLANG_ENABLE_OBJC_WEAK = YES;
				CLANG_WARN_BLOCK_CAPTURE_AUTORELEASING = YES;
				CLANG_WARN_BOOL_CONVERSION = YES;
				CLANG_WARN_COMMA = YES;
				CLANG_WARN_CONSTANT_CONVERSION = YES;
				CLANG_WARN_DEPRECATED_OBJC_IMPLEMENTATIONS = YES;
				CLANG_WARN_DIRECT_OBJC_ISA_USAGE = YES_ERROR;
				CLANG_WARN_DOCUMENTATION_COMMENTS = YES;
				CLANG_WARN_EMPTY_BODY = YES;
				CLANG_WARN_ENUM_CONVERSION = YES;
				CLANG_WARN_INFINITE_RECURSION = YES;
				CLANG_WARN_INT_CONVERSION = YES;
				CLANG_WARN_NON_LITERAL_NULL_CONVERSION = YES;
				CLANG_WARN_OBJC_IMPLICIT_RETAIN_SELF = YES;
				CLANG_WARN_OBJC_LITERAL_CONVERSION = YES;
				CLANG_WARN_OBJC_ROOT_CLASS = YES_ERROR;
				CLANG_WARN_QUOTED_INCLUDE_IN_FRAMEWORK_HEADER = YES;
				CLANG_WARN_RANGE_LOOP_ANALYSIS = YES;
				CLANG_WARN_STRICT_PROTOTYPES = YES;
				CLANG_WARN_SUSPICIOUS_MOVE = YES;
				CLANG_WARN_UNGUARDED_AVAILABILITY = YES_AGGRESSIVE;
				CLANG_WARN_UNREACHABLE_CODE = YES;
				CLANG_WARN__DUPLICATE_METHOD_MATCH = YES;
				COPY_PHASE_STRIP = NO;
				DEBUG_INFORMATION_FORMAT = dwarf;
				ENABLE_STRICT_OBJC_MSGSEND = YES;
				ENABLE_TESTABILITY = YES;
				GCC_C_LANGUAGE_STANDARD = gnu11;
				GCC_DYNAMIC_NO_PIC = NO;
				GCC_NO_COMMON_BLOCKS = YES;
				GCC_OPTIMIZATION_LEVEL = 0;
				GCC_PREPROCESSOR_DEFINITIONS = (
					"DEBUG=1",
					"$(inherited)",
				);
				GCC_WARN_64_TO_32_BIT_CONVERSION = YES;
				GCC_WARN_ABOUT_RETURN_TYPE = YES_ERROR;
				GCC_WARN_UNDECLARED_SELECTOR = YES;
				GCC_WARN_UNINITIALIZED_AUTOS = YES_AGGRESSIVE;
				GCC_WARN_UNUSED_FUNCTION = YES;
				GCC_WARN_UNUSED_VARIABLE = YES;
				IPHONEOS_DEPLOYMENT_TARGET = 14.4;
				MTL_ENABLE_DEBUG_INFO = INCLUDE_SOURCE;
				MTL_FAST_MATH = YES;
				ONLY_ACTIVE_ARCH = YES;
				SDKROOT = iphoneos;
				SWIFT_ACTIVE_COMPILATION_CONDITIONS = DEBUG;
				SWIFT_OPTIMIZATION_LEVEL = "-Onone";
			};
			name = Debug;
		};
		5E9968D7262EDCAB00C99CE9 /* Release */ = {
			isa = XCBuildConfiguration;
			buildSettings = {
				ALWAYS_SEARCH_USER_PATHS = NO;
				CLANG_ANALYZER_NONNULL = YES;
				CLANG_ANALYZER_NUMBER_OBJECT_CONVERSION = YES_AGGRESSIVE;
				CLANG_CXX_LANGUAGE_STANDARD = "gnu++14";
				CLANG_CXX_LIBRARY = "libc++";
				CLANG_ENABLE_MODULES = YES;
				CLANG_ENABLE_OBJC_ARC = YES;
				CLANG_ENABLE_OBJC_WEAK = YES;
				CLANG_WARN_BLOCK_CAPTURE_AUTORELEASING = YES;
				CLANG_WARN_BOOL_CONVERSION = YES;
				CLANG_WARN_COMMA = YES;
				CLANG_WARN_CONSTANT_CONVERSION = YES;
				CLANG_WARN_DEPRECATED_OBJC_IMPLEMENTATIONS = YES;
				CLANG_WARN_DIRECT_OBJC_ISA_USAGE = YES_ERROR;
				CLANG_WARN_DOCUMENTATION_COMMENTS = YES;
				CLANG_WARN_EMPTY_BODY = YES;
				CLANG_WARN_ENUM_CONVERSION = YES;
				CLANG_WARN_INFINITE_RECURSION = YES;
				CLANG_WARN_INT_CONVERSION = YES;
				CLANG_WARN_NON_LITERAL_NULL_CONVERSION = YES;
				CLANG_WARN_OBJC_IMPLICIT_RETAIN_SELF = YES;
				CLANG_WARN_OBJC_LITERAL_CONVERSION = YES;
				CLANG_WARN_OBJC_ROOT_CLASS = YES_ERROR;
				CLANG_WARN_QUOTED_INCLUDE_IN_FRAMEWORK_HEADER = YES;
				CLANG_WARN_RANGE_LOOP_ANALYSIS = YES;
				CLANG_WARN_STRICT_PROTOTYPES = YES;
				CLANG_WARN_SUSPICIOUS_MOVE = YES;
				CLANG_WARN_UNGUARDED_AVAILABILITY = YES_AGGRESSIVE;
				CLANG_WARN_UNREACHABLE_CODE = YES;
				CLANG_WARN__DUPLICATE_METHOD_MATCH = YES;
				COPY_PHASE_STRIP = NO;
				DEBUG_INFORMATION_FORMAT = "dwarf-with-dsym";
				ENABLE_NS_ASSERTIONS = NO;
				ENABLE_STRICT_OBJC_MSGSEND = YES;
				GCC_C_LANGUAGE_STANDARD = gnu11;
				GCC_NO_COMMON_BLOCKS = YES;
				GCC_WARN_64_TO_32_BIT_CONVERSION = YES;
				GCC_WARN_ABOUT_RETURN_TYPE = YES_ERROR;
				GCC_WARN_UNDECLARED_SELECTOR = YES;
				GCC_WARN_UNINITIALIZED_AUTOS = YES_AGGRESSIVE;
				GCC_WARN_UNUSED_FUNCTION = YES;
				GCC_WARN_UNUSED_VARIABLE = YES;
				IPHONEOS_DEPLOYMENT_TARGET = 14.4;
				MTL_ENABLE_DEBUG_INFO = NO;
				MTL_FAST_MATH = YES;
				SDKROOT = iphoneos;
				SWIFT_COMPILATION_MODE = wholemodule;
				SWIFT_OPTIMIZATION_LEVEL = "-O";
				VALIDATE_PRODUCT = YES;
			};
			name = Release;
		};
		5E9968D9262EDCAB00C99CE9 /* Debug */ = {
			isa = XCBuildConfiguration;
			buildSettings = {
				ASSETCATALOG_COMPILER_APPICON_NAME = AppIcon;
				ASSETCATALOG_COMPILER_GLOBAL_ACCENT_COLOR_NAME = AccentColor;
				CODE_SIGN_STYLE = Automatic;
				DEVELOPMENT_TEAM = LGVM9RAH4N;
				INFOPLIST_FILE = Concentration/Info.plist;
				LD_RUNPATH_SEARCH_PATHS = (
					"$(inherited)",
					"@executable_path/Frameworks",
				);
				PRODUCT_BUNDLE_IDENTIFIER = "com.yahoo-s.lukaschuk.Concentration";
				PRODUCT_NAME = "$(TARGET_NAME)";
				SWIFT_VERSION = 5.0;
				TARGETED_DEVICE_FAMILY = "1,2";
			};
			name = Debug;
		};
		5E9968DA262EDCAB00C99CE9 /* Release */ = {
			isa = XCBuildConfiguration;
			buildSettings = {
				ASSETCATALOG_COMPILER_APPICON_NAME = AppIcon;
				ASSETCATALOG_COMPILER_GLOBAL_ACCENT_COLOR_NAME = AccentColor;
				CODE_SIGN_STYLE = Automatic;
				DEVELOPMENT_TEAM = LGVM9RAH4N;
				INFOPLIST_FILE = Concentration/Info.plist;
				LD_RUNPATH_SEARCH_PATHS = (
					"$(inherited)",
					"@executable_path/Frameworks",
				);
				PRODUCT_BUNDLE_IDENTIFIER = "com.yahoo-s.lukaschuk.Concentration";
				PRODUCT_NAME = "$(TARGET_NAME)";
				SWIFT_VERSION = 5.0;
				TARGETED_DEVICE_FAMILY = "1,2";
			};
			name = Release;
		};
/* End XCBuildConfiguration section */

/* Begin XCConfigurationList section */
		5E9968BF262EDCA700C99CE9 /* Build configuration list for PBXProject "Concentration" */ = {
			isa = XCConfigurationList;
			buildConfigurations = (
				5E9968D6262EDCAB00C99CE9 /* Debug */,
				5E9968D7262EDCAB00C99CE9 /* Release */,
			);
			defaultConfigurationIsVisible = 0;
			defaultConfigurationName = Release;
		};
		5E9968D8262EDCAB00C99CE9 /* Build configuration list for PBXNativeTarget "Concentration" */ = {
			isa = XCConfigurationList;
			buildConfigurations = (
				5E9968D9262EDCAB00C99CE9 /* Debug */,
				5E9968DA262EDCAB00C99CE9 /* Release */,
			);
			defaultConfigurationIsVisible = 0;
			defaultConfigurationName = Release;
		};
/* End XCConfigurationList section */
	};
	rootObject = 5E9968BC262EDCA700C99CE9 /* Project object */;
}
